
Microsoft Visual Studio Solution File, Format Version 12.00
# Visual Studio Version 16
VisualStudioVersion = 16.0.31112.23
MinimumVisualStudioVersion = 10.0.40219.1
Project("{FAE04EC0-301F-11D3-BF4B-00C04F79EFBC}") = "Medidor_Inteligente", "Medidor_Inteligente\Medidor_Inteligente.csproj", "{F2159DA5-FC23-4FFF-8736-1B6B0D49427A}"
EndProject
Project("{FAE04EC0-301F-11D3-BF4B-00C04F79EFBC}") = "MedidorModel", "MedidorModel\MedidorModel.csproj", "{95D20770-A59E-4021-BE9F-7D742E6C6C22}"
EndProject
Global
	GlobalSection(SolutionConfigurationPlatforms) = preSolution
		Debug|Any CPU = Debug|Any CPU
		Release|Any CPU = Release|Any CPU
	EndGlobalSection
	GlobalSection(ProjectConfigurationPlatforms) = postSolution
		{F2159DA5-FC23-4FFF-8736-1B6B0D49427A}.Debug|Any CPU.ActiveCfg = Debug|Any CPU
		{F2159DA5-FC23-4FFF-8736-1B6B0D49427A}.Debug|Any CPU.Build.0 = Debug|Any CPU
		{F2159DA5-FC23-4FFF-8736-1B6B0D49427A}.Release|Any CPU.ActiveCfg = Release|Any CPU
		{F2159DA5-FC23-4FFF-8736-1B6B0D49427A}.Release|Any CPU.Build.0 = Release|Any CPU
		{95D20770-A59E-4021-BE9F-7D742E6C6C22}.Debug|Any CPU.ActiveCfg = Debug|Any CPU
		{95D20770-A59E-4021-BE9F-7D742E6C6C22}.Debug|Any CPU.Build.0 = Debug|Any CPU
		{95D20770-A59E-4021-BE9F-7D742E6C6C22}.Release|Any CPU.ActiveCfg = Release|Any CPU
		{95D20770-A59E-4021-BE9F-7D742E6C6C22}.Release|Any CPU.Build.0 = Release|Any CPU
	EndGlobalSection
	GlobalSection(SolutionProperties) = preSolution
		HideSolutionNode = FALSE
	EndGlobalSection
	GlobalSection(ExtensibilityGlobals) = postSolution
		SolutionGuid = {8D979B49-A1D8-4783-AC85-66804AA41D5C}
	EndGlobalSection
EndGlobal
